
Microsoft Visual Studio Solution File, Format Version 12.00
# Visual Studio Version 17
VisualStudioVersion = 17.5.33516.290
MinimumVisualStudioVersion = 10.0.40219.1
Project("{FAE04EC0-301F-11D3-BF4B-00C04F79EFBC}") = "mestintBeadandov3", "mestintBeadandov3\mestintBeadandov3.csproj", "{260381E4-4386-4806-A949-7A173029C528}"
EndProject
Global
	GlobalSection(SolutionConfigurationPlatforms) = preSolution
		Debug|Any CPU = Debug|Any CPU
		Release|Any CPU = Release|Any CPU
	EndGlobalSection
	GlobalSection(ProjectConfigurationPlatforms) = postSolution
		{260381E4-4386-4806-A949-7A173029C528}.Debug|Any CPU.ActiveCfg = Debug|Any CPU
		{260381E4-4386-4806-A949-7A173029C528}.Debug|Any CPU.Build.0 = Debug|Any CPU
		{260381E4-4386-4806-A949-7A173029C528}.Release|Any CPU.ActiveCfg = Release|Any CPU
		{260381E4-4386-4806-A949-7A173029C528}.Release|Any CPU.Build.0 = Release|Any CPU
	EndGlobalSection
	GlobalSection(SolutionProperties) = preSolution
		HideSolutionNode = FALSE
	EndGlobalSection
	GlobalSection(ExtensibilityGlobals) = postSolution
		SolutionGuid = {1F63F988-BF03-465A-BF36-07B62226107B}
	EndGlobalSection
EndGlobal
